
Microsoft Visual Studio Solution File, Format Version 12.00
# Visual Studio Version 17
VisualStudioVersion = 17.0.31903.59
MinimumVisualStudioVersion = 10.0.40219.1
Project("{2150E333-8FDC-42A3-9474-1A3956D46DE8}") = "src", "src", "{827E0CD3-B72D-47B6-A68D-7590B98EB39B}"
EndProject
Project("{FAE04EC0-301F-11D3-BF4B-00C04F79EFBC}") = "IoTPlatform.Core", "src\Backend\IoTPlatform.Core\IoTPlatform.Core.csproj", "{E18AD65A-54BA-4BA3-95F8-403E52BEA655}"
EndProject
Project("{FAE04EC0-301F-11D3-BF4B-00C04F79EFBC}") = "IoTPlatform.Adapters", "src\Backend\IoTPlatform.Adapters\IoTPlatform.Adapters.csproj", "{B1637938-D8EE-47B7-9DBF-DC0D54A2B521}"
EndProject
Project("{FAE04EC0-301F-11D3-BF4B-00C04F79EFBC}") = "IoTPlatform.Host", "src\Backend\IoTPlatform.Host\IoTPlatform.Host.csproj", "{0FDEECA0-204C-45DB-8EA4-58EAE7666381}"
EndProject
Project("{2150E333-8FDC-42A3-9474-1A3956D46DE8}") = "samples", "samples", "{5D20AA90-6969-D8BD-9DCD-8634F4692FDA}"
EndProject
Project("{FAE04EC0-301F-11D3-BF4B-00C04F79EFBC}") = "IoTPlatform.UI.Wpf", "src\Frontend\IoTPlatform.UI.Wpf\IoTPlatform.UI.Wpf.csproj", "{958BBC22-D3F3-46B6-950A-56BDDE60B27F}"
EndProject
Project("{2150E333-8FDC-42A3-9474-1A3956D46DE8}") = "tests", "tests", "{0AB3BF05-4346-4AA6-1389-037BE0695223}"
EndProject
Project("{FAE04EC0-301F-11D3-BF4B-00C04F79EFBC}") = "IoTPlatform.Core.Tests", "tests\IoTPlatform.Core.Tests\IoTPlatform.Core.Tests.csproj", "{26D7CBAB-2014-4C82-9B68-EC7742319D2F}"
EndProject
Project("{FAE04EC0-301F-11D3-BF4B-00C04F79EFBC}") = "ArchitectureTests", "tests\ArchitectureTests\ArchitectureTests.csproj", "{67F11A1B-5D2D-49E9-A5B0-63AD1D168200}"
EndProject
Project("{2150E333-8FDC-42A3-9474-1A3956D46DE8}") = "Backend", "Backend", "{FE360695-3F2B-1049-3887-35FBB5135923}"
EndProject
Global
	GlobalSection(SolutionConfigurationPlatforms) = preSolution
		Debug|Any CPU = Debug|Any CPU
		Debug|x64 = Debug|x64
		Debug|x86 = Debug|x86
		Release|Any CPU = Release|Any CPU
		Release|x64 = Release|x64
		Release|x86 = Release|x86
	EndGlobalSection
	GlobalSection(ProjectConfigurationPlatforms) = postSolution
		{E18AD65A-54BA-4BA3-95F8-403E52BEA655}.Debug|Any CPU.ActiveCfg = Debug|Any CPU
		{E18AD65A-54BA-4BA3-95F8-403E52BEA655}.Debug|Any CPU.Build.0 = Debug|Any CPU
		{E18AD65A-54BA-4BA3-95F8-403E52BEA655}.Debug|x64.ActiveCfg = Debug|Any CPU
		{E18AD65A-54BA-4BA3-95F8-403E52BEA655}.Debug|x64.Build.0 = Debug|Any CPU
		{E18AD65A-54BA-4BA3-95F8-403E52BEA655}.Debug|x86.ActiveCfg = Debug|Any CPU
		{E18AD65A-54BA-4BA3-95F8-403E52BEA655}.Debug|x86.Build.0 = Debug|Any CPU
		{E18AD65A-54BA-4BA3-95F8-403E52BEA655}.Release|Any CPU.ActiveCfg = Release|Any CPU
		{E18AD65A-54BA-4BA3-95F8-403E52BEA655}.Release|Any CPU.Build.0 = Release|Any CPU
		{E18AD65A-54BA-4BA3-95F8-403E52BEA655}.Release|x64.ActiveCfg = Release|Any CPU
		{E18AD65A-54BA-4BA3-95F8-403E52BEA655}.Release|x64.Build.0 = Release|Any CPU
		{E18AD65A-54BA-4BA3-95F8-403E52BEA655}.Release|x86.ActiveCfg = Release|Any CPU
		{E18AD65A-54BA-4BA3-95F8-403E52BEA655}.Release|x86.Build.0 = Release|Any CPU
		{B1637938-D8EE-47B7-9DBF-DC0D54A2B521}.Debug|Any CPU.ActiveCfg = Debug|Any CPU
		{B1637938-D8EE-47B7-9DBF-DC0D54A2B521}.Debug|Any CPU.Build.0 = Debug|Any CPU
		{B1637938-D8EE-47B7-9DBF-DC0D54A2B521}.Debug|x64.ActiveCfg = Debug|Any CPU
		{B1637938-D8EE-47B7-9DBF-DC0D54A2B521}.Debug|x64.Build.0 = Debug|Any CPU
		{B1637938-D8EE-47B7-9DBF-DC0D54A2B521}.Debug|x86.ActiveCfg = Debug|Any CPU
		{B1637938-D8EE-47B7-9DBF-DC0D54A2B521}.Debug|x86.Build.0 = Debug|Any CPU
		{B1637938-D8EE-47B7-9DBF-DC0D54A2B521}.Release|Any CPU.ActiveCfg = Release|Any CPU
		{B1637938-D8EE-47B7-9DBF-DC0D54A2B521}.Release|Any CPU.Build.0 = Release|Any CPU
		{B1637938-D8EE-47B7-9DBF-DC0D54A2B521}.Release|x64.ActiveCfg = Release|Any CPU
		{B1637938-D8EE-47B7-9DBF-DC0D54A2B521}.Release|x64.Build.0 = Release|Any CPU
		{B1637938-D8EE-47B7-9DBF-DC0D54A2B521}.Release|x86.ActiveCfg = Release|Any CPU
		{B1637938-D8EE-47B7-9DBF-DC0D54A2B521}.Release|x86.Build.0 = Release|Any CPU
		{0FDEECA0-204C-45DB-8EA4-58EAE7666381}.Debug|Any CPU.ActiveCfg = Debug|Any CPU
		{0FDEECA0-204C-45DB-8EA4-58EAE7666381}.Debug|Any CPU.Build.0 = Debug|Any CPU
		{0FDEECA0-204C-45DB-8EA4-58EAE7666381}.Debug|x64.ActiveCfg = Debug|Any CPU
		{0FDEECA0-204C-45DB-8EA4-58EAE7666381}.Debug|x64.Build.0 = Debug|Any CPU
		{0FDEECA0-204C-45DB-8EA4-58EAE7666381}.Debug|x86.ActiveCfg = Debug|Any CPU
		{0FDEECA0-204C-45DB-8EA4-58EAE7666381}.Debug|x86.Build.0 = Debug|Any CPU
		{0FDEECA0-204C-45DB-8EA4-58EAE7666381}.Release|Any CPU.ActiveCfg = Release|Any CPU
		{0FDEECA0-204C-45DB-8EA4-58EAE7666381}.Release|Any CPU.Build.0 = Release|Any CPU
		{0FDEECA0-204C-45DB-8EA4-58EAE7666381}.Release|x64.ActiveCfg = Release|Any CPU
		{0FDEECA0-204C-45DB-8EA4-58EAE7666381}.Release|x64.Build.0 = Release|Any CPU
		{0FDEECA0-204C-45DB-8EA4-58EAE7666381}.Release|x86.ActiveCfg = Release|Any CPU
		{0FDEECA0-204C-45DB-8EA4-58EAE7666381}.Release|x86.Build.0 = Release|Any CPU
		{958BBC22-D3F3-46B6-950A-56BDDE60B27F}.Debug|Any CPU.ActiveCfg = Debug|Any CPU
		{958BBC22-D3F3-46B6-950A-56BDDE60B27F}.Debug|Any CPU.Build.0 = Debug|Any CPU
		{958BBC22-D3F3-46B6-950A-56BDDE60B27F}.Debug|x64.ActiveCfg = Debug|Any CPU
		{958BBC22-D3F3-46B6-950A-56BDDE60B27F}.Debug|x64.Build.0 = Debug|Any CPU
		{958BBC22-D3F3-46B6-950A-56BDDE60B27F}.Debug|x86.ActiveCfg = Debug|Any CPU
		{958BBC22-D3F3-46B6-950A-56BDDE60B27F}.Debug|x86.Build.0 = Debug|Any CPU
		{958BBC22-D3F3-46B6-950A-56BDDE60B27F}.Release|Any CPU.ActiveCfg = Release|Any CPU
		{958BBC22-D3F3-46B6-950A-56BDDE60B27F}.Release|Any CPU.Build.0 = Release|Any CPU
		{958BBC22-D3F3-46B6-950A-56BDDE60B27F}.Release|x64.ActiveCfg = Release|Any CPU
		{958BBC22-D3F3-46B6-950A-56BDDE60B27F}.Release|x64.Build.0 = Release|Any CPU
		{958BBC22-D3F3-46B6-950A-56BDDE60B27F}.Release|x86.ActiveCfg = Release|Any CPU
		{958BBC22-D3F3-46B6-950A-56BDDE60B27F}.Release|x86.Build.0 = Release|Any CPU
		{26D7CBAB-2014-4C82-9B68-EC7742319D2F}.Debug|Any CPU.ActiveCfg = Debug|Any CPU
		{26D7CBAB-2014-4C82-9B68-EC7742319D2F}.Debug|Any CPU.Build.0 = Debug|Any CPU
		{26D7CBAB-2014-4C82-9B68-EC7742319D2F}.Debug|x64.ActiveCfg = Debug|Any CPU
		{26D7CBAB-2014-4C82-9B68-EC7742319D2F}.Debug|x64.Build.0 = Debug|Any CPU
		{26D7CBAB-2014-4C82-9B68-EC7742319D2F}.Debug|x86.ActiveCfg = Debug|Any CPU
		{26D7CBAB-2014-4C82-9B68-EC7742319D2F}.Debug|x86.Build.0 = Debug|Any CPU
		{26D7CBAB-2014-4C82-9B68-EC7742319D2F}.Release|Any CPU.ActiveCfg = Release|Any CPU
		{26D7CBAB-2014-4C82-9B68-EC7742319D2F}.Release|Any CPU.Build.0 = Release|Any CPU
		{26D7CBAB-2014-4C82-9B68-EC7742319D2F}.Release|x64.ActiveCfg = Release|Any CPU
		{26D7CBAB-2014-4C82-9B68-EC7742319D2F}.Release|x64.Build.0 = Release|Any CPU
		{26D7CBAB-2014-4C82-9B68-EC7742319D2F}.Release|x86.ActiveCfg = Release|Any CPU
		{26D7CBAB-2014-4C82-9B68-EC7742319D2F}.Release|x86.Build.0 = Release|Any CPU
		{67F11A1B-5D2D-49E9-A5B0-63AD1D168200}.Debug|Any CPU.ActiveCfg = Debug|Any CPU
		{67F11A1B-5D2D-49E9-A5B0-63AD1D168200}.Debug|Any CPU.Build.0 = Debug|Any CPU
		{67F11A1B-5D2D-49E9-A5B0-63AD1D168200}.Debug|x64.ActiveCfg = Debug|Any CPU
		{67F11A1B-5D2D-49E9-A5B0-63AD1D168200}.Debug|x64.Build.0 = Debug|Any CPU
		{67F11A1B-5D2D-49E9-A5B0-63AD1D168200}.Debug|x86.ActiveCfg = Debug|Any CPU
		{67F11A1B-5D2D-49E9-A5B0-63AD1D168200}.Debug|x86.Build.0 = Debug|Any CPU
		{67F11A1B-5D2D-49E9-A5B0-63AD1D168200}.Release|Any CPU.ActiveCfg = Release|Any CPU
		{67F11A1B-5D2D-49E9-A5B0-63AD1D168200}.Release|Any CPU.Build.0 = Release|Any CPU
		{67F11A1B-5D2D-49E9-A5B0-63AD1D168200}.Release|x64.ActiveCfg = Release|Any CPU
		{67F11A1B-5D2D-49E9-A5B0-63AD1D168200}.Release|x64.Build.0 = Release|Any CPU
		{67F11A1B-5D2D-49E9-A5B0-63AD1D168200}.Release|x86.ActiveCfg = Release|Any CPU
		{67F11A1B-5D2D-49E9-A5B0-63AD1D168200}.Release|x86.Build.0 = Release|Any CPU
	EndGlobalSection
	GlobalSection(SolutionProperties) = preSolution
		HideSolutionNode = FALSE
	EndGlobalSection
	GlobalSection(NestedProjects) = preSolution
		{E18AD65A-54BA-4BA3-95F8-403E52BEA655} = {827E0CD3-B72D-47B6-A68D-7590B98EB39B}
		{B1637938-D8EE-47B7-9DBF-DC0D54A2B521} = {827E0CD3-B72D-47B6-A68D-7590B98EB39B}
		{0FDEECA0-204C-45DB-8EA4-58EAE7666381} = {827E0CD3-B72D-47B6-A68D-7590B98EB39B}
		{958BBC22-D3F3-46B6-950A-56BDDE60B27F} = {5D20AA90-6969-D8BD-9DCD-8634F4692FDA}
		{26D7CBAB-2014-4C82-9B68-EC7742319D2F} = {0AB3BF05-4346-4AA6-1389-037BE0695223}
		{67F11A1B-5D2D-49E9-A5B0-63AD1D168200} = {0AB3BF05-4346-4AA6-1389-037BE0695223}
		{FE360695-3F2B-1049-3887-35FBB5135923} = {827E0CD3-B72D-47B6-A68D-7590B98EB39B}
	EndGlobalSection
EndGlobal
